
Microsoft Visual Studio Solution File, Format Version 12.00
# Visual Studio Version 16
VisualStudioVersion = 16.0.28803.452
MinimumVisualStudioVersion = 10.0.40219.1
Project("{9A19103F-16F7-4668-BE54-9A1E7A4F7556}") = "ApiCore", "ApiCore\ApiCore.csproj", "{65F316C9-0175-427E-AA71-2903DA45078F}"
EndProject
Project("{9A19103F-16F7-4668-BE54-9A1E7A4F7556}") = "DomainCore", "DomainCore\DomainCore.csproj", "{35773F54-27AD-4D09-96D9-E93C93EC7F52}"
EndProject
Global
	GlobalSection(SolutionConfigurationPlatforms) = preSolution
		Debug|Any CPU = Debug|Any CPU
		Release|Any CPU = Release|Any CPU
	EndGlobalSection
	GlobalSection(ProjectConfigurationPlatforms) = postSolution
		{65F316C9-0175-427E-AA71-2903DA45078F}.Debug|Any CPU.ActiveCfg = Debug|Any CPU
		{65F316C9-0175-427E-AA71-2903DA45078F}.Debug|Any CPU.Build.0 = Debug|Any CPU
		{65F316C9-0175-427E-AA71-2903DA45078F}.Release|Any CPU.ActiveCfg = Release|Any CPU
		{65F316C9-0175-427E-AA71-2903DA45078F}.Release|Any CPU.Build.0 = Release|Any CPU
		{35773F54-27AD-4D09-96D9-E93C93EC7F52}.Debug|Any CPU.ActiveCfg = Debug|Any CPU
		{35773F54-27AD-4D09-96D9-E93C93EC7F52}.Debug|Any CPU.Build.0 = Debug|Any CPU
		{35773F54-27AD-4D09-96D9-E93C93EC7F52}.Release|Any CPU.ActiveCfg = Release|Any CPU
		{35773F54-27AD-4D09-96D9-E93C93EC7F52}.Release|Any CPU.Build.0 = Release|Any CPU
	EndGlobalSection
	GlobalSection(SolutionProperties) = preSolution
		HideSolutionNode = FALSE
	EndGlobalSection
	GlobalSection(ExtensibilityGlobals) = postSolution
		SolutionGuid = {7439D3CB-8403-474F-AE91-8B33F10F35DF}
	EndGlobalSection
EndGlobal
